#
# This file is autogenerated by pip-compile with python 3.10
# To update, run:
#
#    pip-compile --output-file=/mnt/ext/projects/pasteur/src/requirements.lock /mnt/ext/projects/pasteur/src/requirements.txt
#
absl-py==1.2.0
    # via
    #   jax
    #   jaxlib
aiofiles==0.6.0
    # via kedro-viz
alembic==1.8.1
    # via mlflow
anyconfig==0.10.1
    # via kedro
anyio==3.6.1
    # via
    #   jupyter-server
    #   watchgod
argon2-cffi==21.3.0
    # via
    #   jupyter-server
    #   nbclassic
    #   notebook
argon2-cffi-bindings==21.2.0
    # via argon2-cffi
arrow==1.2.3
    # via jinja2-time
asgiref==3.5.2
    # via uvicorn
attrs==21.4.0
    # via
    #   jsonschema
    #   kedro
    #   pytest
babel==2.10.3
    # via jupyterlab-server
backcall==0.2.0
    # via ipython
beautifulsoup4==4.11.1
    # via nbconvert
binaryornot==0.4.4
    # via cookiecutter
black==22.8.0
    # via -r /mnt/ext/projects/pasteur/src/requirements.txt
bleach==5.0.1
    # via nbconvert
boto3==1.24.88
    # via parquet-tools
botocore==1.27.88
    # via
    #   boto3
    #   s3transfer
build==0.8.0
    # via pip-tools
cachetools==4.2.4
    # via kedro
certifi==2022.9.24
    # via requests
cffi==1.15.1
    # via argon2-cffi-bindings
chardet==5.0.0
    # via binaryornot
charset-normalizer==2.1.1
    # via requests
click==8.1.3
    # via
    #   black
    #   cookiecutter
    #   databricks-cli
    #   flask
    #   kedro
    #   mlflow
    #   pip-tools
    #   strawberry-graphql
    #   uvicorn
cloudpickle==2.2.0
    # via mlflow
colorama==0.4.5
    # via
    #   halo
    #   log-symbols
    #   parquet-tools
commonmark==0.9.1
    # via rich
contourpy==1.0.5
    # via matplotlib
cookiecutter==2.1.1
    # via kedro
coverage[toml]==6.5.0
    # via pytest-cov
cursor==1.3.5
    # via halo
cycler==0.11.0
    # via matplotlib
databricks-cli==0.17.3
    # via mlflow
debugpy==1.6.3
    # via ipykernel
decorator==5.1.1
    # via ipython
defusedxml==0.7.1
    # via nbconvert
docker==6.0.0
    # via mlflow
dynaconf==3.1.11
    # via kedro
entrypoints==0.4
    # via
    #   jupyter-client
    #   mlflow
etils[epath]==0.8.0
    # via jax
fastapi==0.66.1
    # via kedro-viz
fastjsonschema==2.16.2
    # via nbformat
flake8==3.9.2
    # via -r /mnt/ext/projects/pasteur/src/requirements.txt
flask==2.2.2
    # via
    #   mlflow
    #   prometheus-flask-exporter
fonttools==4.37.4
    # via matplotlib
fsspec==2022.7.1
    # via kedro
gitdb==4.0.9
    # via gitpython
gitpython==3.1.27
    # via
    #   kedro
    #   mlflow
graphql-core==3.2.3
    # via strawberry-graphql
greenlet==1.1.3
    # via sqlalchemy
gunicorn==20.1.0
    # via mlflow
h11==0.14.0
    # via uvicorn
halo==0.0.29
    # via parquet-tools
httptools==0.5.0
    # via uvicorn
idna==3.4
    # via
    #   anyio
    #   requests
importlib-metadata==4.13.0
    # via
    #   kedro
    #   mlflow
importlib-resources==5.9.0
    # via
    #   etils
    #   kedro
iniconfig==1.1.1
    # via pytest
ipykernel==6.16.0
    # via
    #   ipywidgets
    #   jupyter
    #   jupyter-console
    #   nbclassic
    #   notebook
    #   qtconsole
ipympl==0.9.2
    # via -r /mnt/ext/projects/pasteur/src/requirements.txt
ipython==7.34.0
    # via
    #   -r /mnt/ext/projects/pasteur/src/requirements.txt
    #   ipykernel
    #   ipympl
    #   ipywidgets
    #   jupyter-console
    #   jupyterlab
    #   kedro-viz
ipython-genutils==0.2.0
    # via
    #   ipympl
    #   nbclassic
    #   notebook
    #   qtconsole
ipywidgets==8.0.2
    # via
    #   -r /mnt/ext/projects/pasteur/src/requirements.txt
    #   ipympl
    #   jupyter
isort==5.10.1
    # via -r /mnt/ext/projects/pasteur/src/requirements.txt
itsdangerous==2.1.2
    # via flask
jax==0.3.21
    # via -r /mnt/ext/projects/pasteur/src/requirements.txt
jaxlib==0.3.20
    # via -r /mnt/ext/projects/pasteur/src/requirements.txt
jedi==0.18.1
    # via ipython
jinja2==3.1.2
    # via
    #   cookiecutter
    #   flask
    #   jinja2-time
    #   jupyter-server
    #   jupyterlab
    #   jupyterlab-server
    #   nbclassic
    #   nbconvert
    #   notebook
jinja2-time==0.2.0
    # via cookiecutter
jmespath==0.10.0
    # via
    #   boto3
    #   botocore
    #   kedro
joblib==1.2.0
    # via scikit-learn
json5==0.9.10
    # via jupyterlab-server
jsonschema==4.16.0
    # via
    #   jupyterlab-server
    #   nbformat
jupyter==1.0.0
    # via -r /mnt/ext/projects/pasteur/src/requirements.txt
jupyter-client==7.3.5
    # via
    #   ipykernel
    #   jupyter-console
    #   jupyter-server
    #   nbclassic
    #   nbclient
    #   notebook
    #   qtconsole
jupyter-console==6.4.4
    # via jupyter
jupyter-core==4.11.1
    # via
    #   jupyter-client
    #   jupyter-server
    #   jupyterlab
    #   nbclassic
    #   nbconvert
    #   nbformat
    #   notebook
    #   qtconsole
jupyter-server==1.19.1
    # via
    #   jupyterlab
    #   jupyterlab-server
    #   nbclassic
    #   notebook-shim
jupyterlab==3.4.8
    # via -r /mnt/ext/projects/pasteur/src/requirements.txt
jupyterlab-pygments==0.2.2
    # via nbconvert
jupyterlab-server==2.15.2
    # via jupyterlab
jupyterlab-widgets==3.0.3
    # via ipywidgets
kedro==0.18.3
    # via
    #   -r /mnt/ext/projects/pasteur/src/requirements.txt
    #   kedro-mlflow
    #   kedro-viz
kedro-mlflow==0.11.4
    # via -r /mnt/ext/projects/pasteur/src/requirements.txt
kedro-viz==5.1.1
    # via -r /mnt/ext/projects/pasteur/src/requirements.txt
kiwisolver==1.4.4
    # via matplotlib
log-symbols==0.0.14
    # via halo
mako==1.2.3
    # via alembic
markupsafe==2.1.1
    # via
    #   jinja2
    #   mako
    #   nbconvert
    #   werkzeug
matplotlib==3.6.0
    # via ipympl
matplotlib-inline==0.1.6
    # via
    #   ipykernel
    #   ipython
mccabe==0.6.1
    # via flake8
mistune==2.0.4
    # via nbconvert
mlflow==1.29.0
    # via kedro-mlflow
mypy-extensions==0.4.3
    # via black
nbclassic==0.4.4
    # via jupyterlab
nbclient==0.7.0
    # via nbconvert
nbconvert==7.2.1
    # via
    #   jupyter
    #   jupyter-server
    #   nbclassic
    #   notebook
nbformat==5.6.1
    # via
    #   jupyter-server
    #   nbclassic
    #   nbclient
    #   nbconvert
    #   notebook
nest-asyncio==1.5.6
    # via
    #   ipykernel
    #   jupyter-client
    #   nbclassic
    #   nbclient
    #   notebook
networkx==2.8.7
    # via kedro-viz
notebook==6.4.12
    # via
    #   jupyter
    #   jupyterlab
notebook-shim==0.1.0
    # via nbclassic
numpy==1.23.3
    # via
    #   -r /mnt/ext/projects/pasteur/src/requirements.txt
    #   contourpy
    #   ipympl
    #   jax
    #   jaxlib
    #   matplotlib
    #   mlflow
    #   opt-einsum
    #   pandas
    #   pyarrow
    #   scikit-learn
    #   scipy
    #   xgboost
oauthlib==3.2.1
    # via databricks-cli
opt-einsum==3.3.0
    # via jax
packaging==21.3
    # via
    #   build
    #   docker
    #   ipykernel
    #   jupyter-server
    #   jupyterlab
    #   jupyterlab-server
    #   matplotlib
    #   mlflow
    #   nbconvert
    #   pytest
    #   qtpy
pandas==1.5.0
    # via
    #   -r /mnt/ext/projects/pasteur/src/requirements.txt
    #   kedro-viz
    #   mlflow
    #   parquet-tools
pandocfilters==1.5.0
    # via nbconvert
parquet-tools==0.2.11
    # via -r /mnt/ext/projects/pasteur/src/requirements.txt
parso==0.8.3
    # via jedi
pathspec==0.10.1
    # via black
pep517==0.13.0
    # via build
pexpect==4.8.0
    # via ipython
pickleshare==0.7.5
    # via ipython
pillow==9.2.0
    # via
    #   ipympl
    #   matplotlib
pip-tools==6.9.0
    # via kedro
platformdirs==2.5.2
    # via black
plotly==5.10.0
    # via kedro-viz
pluggy==1.0.0
    # via
    #   kedro
    #   pytest
prometheus-client==0.14.1
    # via
    #   jupyter-server
    #   nbclassic
    #   notebook
    #   prometheus-flask-exporter
prometheus-flask-exporter==0.20.3
    # via mlflow
prompt-toolkit==3.0.31
    # via
    #   ipython
    #   jupyter-console
protobuf==4.21.7
    # via mlflow
psutil==5.9.2
    # via ipykernel
ptyprocess==0.7.0
    # via
    #   pexpect
    #   terminado
py==1.11.0
    # via pytest
pyarrow==9.0.0
    # via
    #   -r /mnt/ext/projects/pasteur/src/requirements.txt
    #   parquet-tools
pycodestyle==2.7.0
    # via flake8
pycparser==2.21
    # via cffi
pydantic==1.10.2
    # via
    #   fastapi
    #   kedro-mlflow
pyflakes==2.3.1
    # via flake8
pygments==2.13.0
    # via
    #   ipython
    #   jupyter-console
    #   nbconvert
    #   qtconsole
    #   rich
    #   strawberry-graphql
pyjwt==2.5.0
    # via databricks-cli
pyparsing==3.0.9
    # via
    #   matplotlib
    #   packaging
pyrsistent==0.18.1
    # via jsonschema
pytest==6.2.5
    # via
    #   -r /mnt/ext/projects/pasteur/src/requirements.txt
    #   pytest-cov
    #   pytest-mock
pytest-cov==3.0.0
    # via -r /mnt/ext/projects/pasteur/src/requirements.txt
pytest-mock==1.13.0
    # via -r /mnt/ext/projects/pasteur/src/requirements.txt
python-dateutil==2.8.2
    # via
    #   arrow
    #   botocore
    #   jupyter-client
    #   matplotlib
    #   pandas
    #   strawberry-graphql
python-dotenv==0.21.0
    # via uvicorn
python-multipart==0.0.5
    # via strawberry-graphql
python-slugify==6.1.2
    # via cookiecutter
pytz==2022.4
    # via
    #   babel
    #   mlflow
    #   pandas
pyyaml==6.0
    # via
    #   cookiecutter
    #   kedro
    #   mlflow
    #   uvicorn
pyzmq==24.0.1
    # via
    #   ipykernel
    #   jupyter-client
    #   jupyter-server
    #   nbclassic
    #   notebook
    #   qtconsole
qtconsole==5.3.2
    # via jupyter
qtpy==2.2.1
    # via qtconsole
querystring-parser==1.2.4
    # via mlflow
requests==2.28.1
    # via
    #   cookiecutter
    #   databricks-cli
    #   docker
    #   jupyterlab-server
    #   mlflow
rich==12.6.0
    # via kedro
rope==0.21.1
    # via kedro
s3transfer==0.6.0
    # via boto3
scikit-learn==1.1.2
    # via -r /mnt/ext/projects/pasteur/src/requirements.txt
scipy==1.9.1
    # via
    #   -r /mnt/ext/projects/pasteur/src/requirements.txt
    #   jax
    #   jaxlib
    #   mlflow
    #   scikit-learn
    #   xgboost
semver==2.13.0
    # via kedro-viz
send2trash==1.8.0
    # via
    #   jupyter-server
    #   nbclassic
    #   notebook
six==1.16.0
    # via
    #   bleach
    #   databricks-cli
    #   halo
    #   python-dateutil
    #   python-multipart
    #   querystring-parser
    #   thrift
smmap==5.0.0
    # via gitdb
sniffio==1.3.0
    # via anyio
soupsieve==2.3.2.post1
    # via beautifulsoup4
spinners==0.0.24
    # via halo
sqlalchemy==1.4.41
    # via
    #   alembic
    #   kedro-viz
    #   mlflow
sqlparse==0.4.3
    # via mlflow
starlette==0.14.2
    # via fastapi
strawberry-graphql==0.127.0
    # via kedro-viz
tabulate==0.8.10
    # via
    #   databricks-cli
    #   parquet-tools
tenacity==8.1.0
    # via plotly
termcolor==2.0.1
    # via halo
terminado==0.16.0
    # via
    #   jupyter-server
    #   nbclassic
    #   notebook
text-unidecode==1.3
    # via python-slugify
threadpoolctl==3.1.0
    # via scikit-learn
thrift==0.13.0
    # via parquet-tools
tinycss2==1.1.1
    # via nbconvert
toml==0.10.2
    # via
    #   kedro
    #   pytest
tomli==2.0.1
    # via
    #   black
    #   build
    #   coverage
    #   jupyterlab
    #   pep517
toposort==1.7
    # via kedro
tornado==6.2
    # via
    #   ipykernel
    #   jupyter-client
    #   jupyter-server
    #   jupyterlab
    #   nbclassic
    #   notebook
    #   terminado
tqdm==4.64.1
    # via -r /mnt/ext/projects/pasteur/src/requirements.txt
traitlets==5.4.0
    # via
    #   ipykernel
    #   ipympl
    #   ipython
    #   ipywidgets
    #   jupyter-client
    #   jupyter-core
    #   jupyter-server
    #   matplotlib-inline
    #   nbclassic
    #   nbclient
    #   nbconvert
    #   nbformat
    #   notebook
    #   qtconsole
typing-extensions==4.3.0
    # via
    #   etils
    #   jax
    #   pydantic
    #   strawberry-graphql
urllib3==1.26.12
    # via
    #   botocore
    #   docker
    #   requests
uvicorn[standard]==0.17.6
    # via kedro-viz
uvloop==0.17.0
    # via uvicorn
watchgod==0.8.2
    # via
    #   kedro-viz
    #   uvicorn
wcwidth==0.2.5
    # via prompt-toolkit
webencodings==0.5.1
    # via
    #   bleach
    #   tinycss2
websocket-client==1.4.1
    # via
    #   docker
    #   jupyter-server
websockets==10.3
    # via uvicorn
werkzeug==2.2.2
    # via flask
wheel==0.37.1
    # via pip-tools
widgetsnbextension==4.0.3
    # via ipywidgets
xgboost==1.6.2
    # via -r /mnt/ext/projects/pasteur/src/requirements.txt
zipp==3.8.1
    # via
    #   etils
    #   importlib-metadata

# The following packages are considered to be unsafe in a requirements file:
# pip
# setuptools
