#
# This file is autogenerated by pip-compile with python 3.8
# To update, run:
#
#    pip-compile --output-file=/mnt/ext/projects/pasteur/src/requirements.lock /mnt/ext/projects/pasteur/src/requirements.txt
#
aiofiles==0.6.0
    # via kedro-viz
anyconfig==0.10.1
    # via kedro
anyio==3.5.0
    # via
    #   jupyter-server
    #   watchgod
argon2-cffi==21.3.0
    # via
    #   jupyter-server
    #   notebook
argon2-cffi-bindings==21.2.0
    # via argon2-cffi
arrow==1.2.2
    # via jinja2-time
asgiref==3.5.1
    # via uvicorn
attrs==21.4.0
    # via
    #   jsonschema
    #   pytest
babel==2.9.1
    # via jupyterlab-server
backcall==0.2.0
    # via ipython
beautifulsoup4==4.11.1
    # via nbconvert
binaryornot==0.4.4
    # via cookiecutter
black==22.3.0
    # via -r /mnt/ext/projects/pasteur/src/requirements.txt
bleach==5.0.0
    # via nbconvert
boto3==1.22.8
    # via parquet-tools
botocore==1.25.8
    # via
    #   boto3
    #   s3transfer
cached-property==1.5.2
    # via strawberry-graphql
cachetools==4.2.4
    # via
    #   google-auth
    #   kedro
certifi==2021.10.8
    # via requests
cffi==1.15.0
    # via argon2-cffi-bindings
chardet==4.0.0
    # via
    #   binaryornot
    #   requests
click==8.1.2
    # via
    #   black
    #   cookiecutter
    #   kedro
    #   pip-tools
    #   strawberry-graphql
    #   uvicorn
colorama==0.4.4
    # via
    #   halo
    #   log-symbols
    #   parquet-tools
cookiecutter==1.7.3
    # via kedro
copulas==0.6.1
    # via
    #   sdmetrics
    #   sdv
coverage[toml]==6.3.2
    # via pytest-cov
ctgan==0.5.1
    # via sdv
cursor==1.3.4
    # via halo
cycler==0.11.0
    # via matplotlib
db-dtypes==1.0.0
    # via pandas-gbq
debugpy==1.6.0
    # via ipykernel
decorator==5.1.1
    # via ipython
deepecho==0.3.0.post1
    # via sdv
defusedxml==0.7.1
    # via nbconvert
dynaconf==3.1.8
    # via kedro
entrypoints==0.4
    # via
    #   jupyter-client
    #   nbconvert
et-xmlfile==1.1.0
    # via openpyxl
faker==9.9.1
    # via sdv
fastapi==0.66.1
    # via kedro-viz
fastjsonschema==2.15.3
    # via nbformat
flake8==3.9.2
    # via -r /mnt/ext/projects/pasteur/src/requirements.txt
fonttools==4.33.3
    # via matplotlib
fsspec==2022.1.0
    # via kedro
gitdb==4.0.9
    # via gitpython
gitpython==3.1.27
    # via kedro
google-api-core[grpc]==2.7.3
    # via
    #   google-cloud-bigquery
    #   google-cloud-bigquery-storage
    #   google-cloud-core
    #   pandas-gbq
google-auth==2.6.6
    # via
    #   google-api-core
    #   google-auth-oauthlib
    #   google-cloud-core
    #   pandas-gbq
    #   pydata-google-auth
google-auth-oauthlib==0.5.1
    # via
    #   pandas-gbq
    #   pydata-google-auth
google-cloud-bigquery==3.0.1
    # via pandas-gbq
google-cloud-bigquery-storage==2.13.1
    # via
    #   google-cloud-bigquery
    #   pandas-gbq
google-cloud-core==2.3.0
    # via google-cloud-bigquery
google-crc32c==1.3.0
    # via google-resumable-media
google-resumable-media==2.3.2
    # via google-cloud-bigquery
googleapis-common-protos==1.56.0
    # via
    #   google-api-core
    #   grpcio-status
graphql-core==3.1.7
    # via strawberry-graphql
graphviz==0.20
    # via sdv
greenlet==1.1.2
    # via sqlalchemy
grpcio==1.46.0
    # via
    #   google-api-core
    #   google-cloud-bigquery
    #   grpcio-status
grpcio-status==1.46.0
    # via google-api-core
h11==0.13.0
    # via uvicorn
halo==0.0.29
    # via parquet-tools
httptools==0.4.0
    # via uvicorn
idna==2.10
    # via
    #   anyio
    #   requests
importlib-metadata==4.11.3
    # via jupyterlab-server
importlib-resources==5.7.1
    # via jsonschema
iniconfig==1.1.1
    # via pytest
ipykernel==6.13.0
    # via
    #   ipywidgets
    #   jupyter
    #   jupyter-console
    #   notebook
    #   qtconsole
ipython==7.32.0
    # via
    #   -r /mnt/ext/projects/pasteur/src/requirements.txt
    #   ipykernel
    #   ipywidgets
    #   jupyter-console
    #   jupyterlab
    #   kedro-viz
ipython-genutils==0.2.0
    # via
    #   ipywidgets
    #   notebook
    #   qtconsole
ipywidgets==7.7.0
    # via jupyter
isort==5.10.1
    # via -r /mnt/ext/projects/pasteur/src/requirements.txt
jedi==0.18.1
    # via ipython
jinja2==3.1.1
    # via
    #   cookiecutter
    #   jinja2-time
    #   jupyter-server
    #   jupyterlab
    #   jupyterlab-server
    #   nbconvert
    #   notebook
jinja2-time==0.2.0
    # via cookiecutter
jmespath==0.10.0
    # via
    #   boto3
    #   botocore
    #   kedro
joblib==1.1.0
    # via
    #   pyts
    #   scikit-learn
json5==0.9.6
    # via jupyterlab-server
jsonschema==4.4.0
    # via
    #   jupyterlab-server
    #   nbformat
jupyter==1.0.0
    # via -r /mnt/ext/projects/pasteur/src/requirements.txt
jupyter-client==7.2.2
    # via
    #   ipykernel
    #   jupyter-console
    #   jupyter-server
    #   nbclient
    #   notebook
    #   qtconsole
jupyter-console==6.4.3
    # via jupyter
jupyter-core==4.10.0
    # via
    #   jupyter-client
    #   jupyter-server
    #   jupyterlab
    #   nbconvert
    #   nbformat
    #   notebook
    #   qtconsole
jupyter-server==1.16.0
    # via
    #   jupyterlab
    #   jupyterlab-server
    #   nbclassic
    #   notebook-shim
jupyterlab==3.3.4
    # via -r /mnt/ext/projects/pasteur/src/requirements.txt
jupyterlab-pygments==0.2.2
    # via nbconvert
jupyterlab-server==2.13.0
    # via jupyterlab
jupyterlab-widgets==1.1.0
    # via ipywidgets
kedro[pandas]==0.18.1
    # via
    #   -r /mnt/ext/projects/pasteur/src/requirements.txt
    #   kedro-viz
kedro-viz==4.5
    # via -r /mnt/ext/projects/pasteur/src/requirements.txt
kiwisolver==1.4.2
    # via matplotlib
llvmlite==0.38.0
    # via numba
log-symbols==0.0.14
    # via halo
lxml==4.8.0
    # via kedro
markupsafe==2.1.1
    # via
    #   jinja2
    #   nbconvert
matplotlib==3.5.2
    # via copulas
matplotlib-inline==0.1.3
    # via
    #   ipykernel
    #   ipython
mccabe==0.6.1
    # via flake8
mistune==0.8.4
    # via nbconvert
mypy-extensions==0.4.3
    # via black
nbclassic==0.3.7
    # via jupyterlab
nbclient==0.6.0
    # via nbconvert
nbconvert==6.5.0
    # via
    #   jupyter
    #   jupyter-server
    #   notebook
nbformat==5.3.0
    # via
    #   ipywidgets
    #   jupyter-server
    #   nbclient
    #   nbconvert
    #   nbstripout
    #   notebook
nbstripout==0.5.0
    # via -r /mnt/ext/projects/pasteur/src/requirements.txt
nest-asyncio==1.5.5
    # via
    #   ipykernel
    #   jupyter-client
    #   nbclient
    #   notebook
networkx==2.8
    # via kedro-viz
notebook==6.4.11
    # via
    #   jupyter
    #   nbclassic
    #   widgetsnbextension
notebook-shim==0.1.0
    # via nbclassic
numba==0.55.1
    # via pyts
numexpr==2.8.1
    # via tables
numpy==1.21.6
    # via
    #   copulas
    #   ctgan
    #   db-dtypes
    #   deepecho
    #   matplotlib
    #   numba
    #   numexpr
    #   pandas
    #   pandas-gbq
    #   pyarrow
    #   pyts
    #   rdt
    #   scikit-learn
    #   scipy
    #   sdmetrics
    #   sdv
    #   tables
    #   torchvision
oauthlib==3.2.0
    # via requests-oauthlib
openpyxl==3.0.9
    # via kedro
packaging==21.3
    # via
    #   ctgan
    #   db-dtypes
    #   google-cloud-bigquery
    #   ipykernel
    #   jupyter-server
    #   jupyterlab
    #   jupyterlab-server
    #   matplotlib
    #   nbconvert
    #   numexpr
    #   pytest
    #   qtpy
    #   tables
pandas==1.4.2
    # via
    #   copulas
    #   ctgan
    #   db-dtypes
    #   deepecho
    #   kedro
    #   kedro-viz
    #   pandas-gbq
    #   parquet-tools
    #   rdt
    #   sdmetrics
    #   sdv
pandas-gbq==0.17.4
    # via kedro
pandocfilters==1.5.0
    # via nbconvert
parquet-tools==0.2.10
    # via -r /mnt/ext/projects/pasteur/src/requirements.txt
parso==0.8.3
    # via jedi
pathspec==0.9.0
    # via black
pep517==0.12.0
    # via pip-tools
pexpect==4.8.0
    # via ipython
pickleshare==0.7.5
    # via ipython
pillow==9.1.0
    # via
    #   matplotlib
    #   torchvision
pip-tools==6.6.0
    # via kedro
platformdirs==2.5.2
    # via black
plotly==5.7.0
    # via kedro-viz
pluggy==1.0.0
    # via
    #   kedro
    #   pytest
poyo==0.5.0
    # via cookiecutter
prometheus-client==0.14.1
    # via
    #   jupyter-server
    #   notebook
prompt-toolkit==3.0.29
    # via
    #   ipython
    #   jupyter-console
proto-plus==1.20.3
    # via
    #   google-cloud-bigquery
    #   google-cloud-bigquery-storage
protobuf==3.20.1
    # via
    #   google-api-core
    #   google-cloud-bigquery
    #   googleapis-common-protos
    #   grpcio-status
    #   proto-plus
psutil==5.9.0
    # via
    #   ipykernel
    #   rdt
ptyprocess==0.7.0
    # via
    #   pexpect
    #   terminado
py==1.11.0
    # via pytest
pyarrow==6.0.1
    # via
    #   db-dtypes
    #   google-cloud-bigquery
    #   kedro
    #   pandas-gbq
    #   parquet-tools
pyasn1==0.4.8
    # via
    #   pyasn1-modules
    #   rsa
pyasn1-modules==0.2.8
    # via google-auth
pycodestyle==2.7.0
    # via flake8
pycparser==2.21
    # via cffi
pydantic==1.9.0
    # via fastapi
pydata-google-auth==1.4.0
    # via pandas-gbq
pyflakes==2.3.1
    # via flake8
pygments==2.11.2
    # via
    #   ipython
    #   jupyter-console
    #   nbconvert
    #   qtconsole
    #   strawberry-graphql
pyparsing==3.0.8
    # via
    #   matplotlib
    #   packaging
pyrsistent==0.18.1
    # via jsonschema
pytest==6.2.5
    # via
    #   -r /mnt/ext/projects/pasteur/src/requirements.txt
    #   pytest-cov
    #   pytest-mock
pytest-cov==3.0.0
    # via -r /mnt/ext/projects/pasteur/src/requirements.txt
pytest-mock==1.13.0
    # via -r /mnt/ext/projects/pasteur/src/requirements.txt
python-dateutil==2.8.2
    # via
    #   arrow
    #   botocore
    #   faker
    #   google-cloud-bigquery
    #   jupyter-client
    #   matplotlib
    #   pandas
    #   strawberry-graphql
python-dotenv==0.20.0
    # via uvicorn
python-json-logger==2.0.2
    # via kedro
python-multipart==0.0.5
    # via strawberry-graphql
python-slugify==6.1.1
    # via cookiecutter
pyts==0.12.0
    # via sdmetrics
pytz==2022.1
    # via
    #   babel
    #   pandas
pyyaml==5.4.1
    # via
    #   kedro
    #   rdt
    #   uvicorn
pyzmq==22.3.0
    # via
    #   jupyter-client
    #   jupyter-server
    #   notebook
    #   qtconsole
qtconsole==5.3.0
    # via jupyter
qtpy==2.0.1
    # via qtconsole
rdt==0.6.4
    # via
    #   ctgan
    #   sdmetrics
    #   sdv
requests==2.25.1
    # via
    #   cookiecutter
    #   google-api-core
    #   google-cloud-bigquery
    #   jupyterlab-server
    #   requests-oauthlib
    #   torchvision
requests-oauthlib==1.3.1
    # via google-auth-oauthlib
rope==0.21.1
    # via kedro
rsa==4.8
    # via google-auth
s3transfer==0.5.2
    # via boto3
scikit-learn==1.0.2
    # via
    #   ctgan
    #   pyts
    #   rdt
    #   sdmetrics
scipy==1.7.3
    # via
    #   copulas
    #   pyts
    #   rdt
    #   scikit-learn
    #   sdmetrics
sdmetrics==0.4.1
    # via sdv
sdv==0.14.1
    # via -r /mnt/ext/projects/pasteur/src/requirements.txt
semver==2.13.0
    # via kedro-viz
send2trash==1.8.0
    # via
    #   jupyter-server
    #   notebook
sentinel==0.3.0
    # via strawberry-graphql
six==1.16.0
    # via
    #   bleach
    #   cookiecutter
    #   google-auth
    #   grpcio
    #   halo
    #   plotly
    #   python-dateutil
    #   python-multipart
    #   thrift
smmap==5.0.0
    # via gitdb
sniffio==1.2.0
    # via anyio
soupsieve==2.3.2.post1
    # via beautifulsoup4
spinners==0.0.24
    # via halo
sqlalchemy==1.4.36
    # via
    #   kedro
    #   kedro-viz
starlette==0.14.2
    # via fastapi
strawberry-graphql==0.93.23
    # via kedro-viz
tables==3.7.0
    # via kedro
tabulate==0.8.9
    # via parquet-tools
tenacity==8.0.1
    # via plotly
termcolor==1.1.0
    # via halo
terminado==0.13.3
    # via
    #   jupyter-server
    #   notebook
text-unidecode==1.3
    # via
    #   faker
    #   python-slugify
threadpoolctl==3.1.0
    # via scikit-learn
thrift==0.13.0
    # via parquet-tools
tinycss2==1.1.1
    # via nbconvert
toml==0.10.2
    # via
    #   kedro
    #   pytest
tomli==2.0.1
    # via
    #   black
    #   coverage
    #   pep517
toposort==1.7
    # via kedro
torch==1.11.0
    # via
    #   ctgan
    #   deepecho
    #   sdmetrics
    #   torchvision
torchvision==0.12.0
    # via ctgan
tornado==6.1
    # via
    #   ipykernel
    #   jupyter-client
    #   jupyter-server
    #   jupyterlab
    #   notebook
    #   terminado
tqdm==4.64.0
    # via
    #   deepecho
    #   sdv
traitlets==5.1.1
    # via
    #   ipykernel
    #   ipython
    #   ipywidgets
    #   jupyter-client
    #   jupyter-core
    #   jupyter-server
    #   matplotlib-inline
    #   nbclient
    #   nbconvert
    #   nbformat
    #   notebook
    #   qtconsole
typing-extensions==4.2.0
    # via
    #   black
    #   pydantic
    #   strawberry-graphql
    #   torch
    #   torchvision
urllib3==1.26.9
    # via
    #   botocore
    #   requests
uvicorn[standard]==0.17.6
    # via kedro-viz
uvloop==0.16.0
    # via uvicorn
watchgod==0.8.2
    # via
    #   kedro-viz
    #   uvicorn
wcwidth==0.2.5
    # via prompt-toolkit
webencodings==0.5.1
    # via
    #   bleach
    #   tinycss2
websocket-client==1.3.2
    # via jupyter-server
websockets==10.3
    # via uvicorn
wheel==0.37.1
    # via pip-tools
widgetsnbextension==3.6.0
    # via ipywidgets
zipp==3.8.0
    # via
    #   importlib-metadata
    #   importlib-resources

# The following packages are considered to be unsafe in a requirements file:
# pip
# setuptools
